// !$*UTF8*$!
{
	archiveVersion = 1;
	classes = {
	};
	objectVersion = 50;
	objects = {

/* Begin PBXBuildFile section */
		6F020A5821B848FB00906E5D /* AppDelegate.swift in Sources */ = {isa = PBXBuildFile; fileRef = 6F020A5721B848FB00906E5D /* AppDelegate.swift */; };
		6F020A6021B848FB00906E5D /* rssreader.xcdatamodeld in Sources */ = {isa = PBXBuildFile; fileRef = 6F020A5E21B848FB00906E5D /* rssreader.xcdatamodeld */; };
		6F020A6221B848FC00906E5D /* Assets.xcassets in Resources */ = {isa = PBXBuildFile; fileRef = 6F020A6121B848FC00906E5D /* Assets.xcassets */; };
		6F020A7021B848FC00906E5D /* rssreaderTests.swift in Sources */ = {isa = PBXBuildFile; fileRef = 6F020A6F21B848FC00906E5D /* rssreaderTests.swift */; };
		6F020A7B21B848FC00906E5D /* rssreaderUITests.swift in Sources */ = {isa = PBXBuildFile; fileRef = 6F020A7A21B848FC00906E5D /* rssreaderUITests.swift */; };
		6F020A8921B8496C00906E5D /* MainController.swift in Sources */ = {isa = PBXBuildFile; fileRef = 6F020A8821B8496C00906E5D /* MainController.swift */; };
		6F020A8B21B84DE900906E5D /* linkCell.swift in Sources */ = {isa = PBXBuildFile; fileRef = 6F020A8A21B84DE900906E5D /* linkCell.swift */; };
		6F28D67021B85CDB0053F5DE /* xmlParser.swift in Sources */ = {isa = PBXBuildFile; fileRef = 6F28D66F21B85CDB0053F5DE /* xmlParser.swift */; };
		6FA5DACE21C2DA6900371292 /* Main.storyboard in Resources */ = {isa = PBXBuildFile; fileRef = 6FA5DACD21C2DA6900371292 /* Main.storyboard */; };
		6FA5DB0D21C2DFC500371292 /* FeedCheck.swift in Sources */ = {isa = PBXBuildFile; fileRef = 6FA5DB0C21C2DFC500371292 /* FeedCheck.swift */; };
		6FA5DB0F21C370CD00371292 /* sourceCell.swift in Sources */ = {isa = PBXBuildFile; fileRef = 6FA5DB0E21C370CD00371292 /* sourceCell.swift */; };
		6FA5DB1121C37A6D00371292 /* LaunchScreen.storyboard in Resources */ = {isa = PBXBuildFile; fileRef = 6FA5DB1021C37A6D00371292 /* LaunchScreen.storyboard */; };
/* End PBXBuildFile section */

/* Begin PBXContainerItemProxy section */
		6F020A6C21B848FC00906E5D /* PBXContainerItemProxy */ = {
			isa = PBXContainerItemProxy;
			containerPortal = 6F020A4C21B848FB00906E5D /* Project object */;
			proxyType = 1;
			remoteGlobalIDString = 6F020A5321B848FB00906E5D;
			remoteInfo = rssreader;
		};
		6F020A7721B848FC00906E5D /* PBXContainerItemProxy */ = {
			isa = PBXContainerItemProxy;
			containerPortal = 6F020A4C21B848FB00906E5D /* Project object */;
			proxyType = 1;
			remoteGlobalIDString = 6F020A5321B848FB00906E5D;
			remoteInfo = rssreader;
		};
/* End PBXContainerItemProxy section */

/* Begin PBXFileReference section */
		6F020A5421B848FB00906E5D /* rssreader.app */ = {isa = PBXFileReference; explicitFileType = wrapper.application; includeInIndex = 0; path = rssreader.app; sourceTree = BUILT_PRODUCTS_DIR; };
		6F020A5721B848FB00906E5D /* AppDelegate.swift */ = {isa = PBXFileReference; lastKnownFileType = sourcecode.swift; path = AppDelegate.swift; sourceTree = "<group>"; };
		6F020A5F21B848FB00906E5D /* rssreader.xcdatamodel */ = {isa = PBXFileReference; lastKnownFileType = wrapper.xcdatamodel; path = rssreader.xcdatamodel; sourceTree = "<group>"; };
		6F020A6121B848FC00906E5D /* Assets.xcassets */ = {isa = PBXFileReference; lastKnownFileType = folder.assetcatalog; path = Assets.xcassets; sourceTree = "<group>"; };
		6F020A6621B848FC00906E5D /* Info.plist */ = {isa = PBXFileReference; lastKnownFileType = text.plist.xml; path = Info.plist; sourceTree = "<group>"; };
		6F020A6B21B848FC00906E5D /* rssreaderTests.xctest */ = {isa = PBXFileReference; explicitFileType = wrapper.cfbundle; includeInIndex = 0; path = rssreaderTests.xctest; sourceTree = BUILT_PRODUCTS_DIR; };
		6F020A6F21B848FC00906E5D /* rssreaderTests.swift */ = {isa = PBXFileReference; lastKnownFileType = sourcecode.swift; path = rssreaderTests.swift; sourceTree = "<group>"; };
		6F020A7121B848FC00906E5D /* Info.plist */ = {isa = PBXFileReference; lastKnownFileType = text.plist.xml; path = Info.plist; sourceTree = "<group>"; };
		6F020A7621B848FC00906E5D /* rssreaderUITests.xctest */ = {isa = PBXFileReference; explicitFileType = wrapper.cfbundle; includeInIndex = 0; path = rssreaderUITests.xctest; sourceTree = BUILT_PRODUCTS_DIR; };
		6F020A7A21B848FC00906E5D /* rssreaderUITests.swift */ = {isa = PBXFileReference; lastKnownFileType = sourcecode.swift; path = rssreaderUITests.swift; sourceTree = "<group>"; };
		6F020A7C21B848FC00906E5D /* Info.plist */ = {isa = PBXFileReference; lastKnownFileType = text.plist.xml; path = Info.plist; sourceTree = "<group>"; };
		6F020A8821B8496C00906E5D /* MainController.swift */ = {isa = PBXFileReference; lastKnownFileType = sourcecode.swift; path = MainController.swift; sourceTree = "<group>"; };
		6F020A8A21B84DE900906E5D /* linkCell.swift */ = {isa = PBXFileReference; lastKnownFileType = sourcecode.swift; path = linkCell.swift; sourceTree = "<group>"; };
		6F28D66F21B85CDB0053F5DE /* xmlParser.swift */ = {isa = PBXFileReference; lastKnownFileType = sourcecode.swift; path = xmlParser.swift; sourceTree = "<group>"; };
		6FA5DACD21C2DA6900371292 /* Main.storyboard */ = {isa = PBXFileReference; lastKnownFileType = file.storyboard; path = Main.storyboard; sourceTree = "<group>"; };
		6FA5DB0C21C2DFC500371292 /* FeedCheck.swift */ = {isa = PBXFileReference; lastKnownFileType = sourcecode.swift; path = FeedCheck.swift; sourceTree = "<group>"; };
		6FA5DB0E21C370CD00371292 /* sourceCell.swift */ = {isa = PBXFileReference; lastKnownFileType = sourcecode.swift; path = sourceCell.swift; sourceTree = "<group>"; };
		6FA5DB1021C37A6D00371292 /* LaunchScreen.storyboard */ = {isa = PBXFileReference; lastKnownFileType = file.storyboard; path = LaunchScreen.storyboard; sourceTree = "<group>"; };
/* End PBXFileReference section */

/* Begin PBXFrameworksBuildPhase section */
		6F020A5121B848FB00906E5D /* Frameworks */ = {
			isa = PBXFrameworksBuildPhase;
			buildActionMask = 2147483647;
			files = (
			);
			runOnlyForDeploymentPostprocessing = 0;
		};
		6F020A6821B848FC00906E5D /* Frameworks */ = {
			isa = PBXFrameworksBuildPhase;
			buildActionMask = 2147483647;
			files = (
			);
			runOnlyForDeploymentPostprocessing = 0;
		};
		6F020A7321B848FC00906E5D /* Frameworks */ = {
			isa = PBXFrameworksBuildPhase;
			buildActionMask = 2147483647;
			files = (
			);
			runOnlyForDeploymentPostprocessing = 0;
		};
/* End PBXFrameworksBuildPhase section */

/* Begin PBXGroup section */
		6F020A4B21B848FB00906E5D = {
			isa = PBXGroup;
			children = (
				6F020A5621B848FB00906E5D /* rssreader */,
				6F020A6E21B848FC00906E5D /* rssreaderTests */,
				6F020A7921B848FC00906E5D /* rssreaderUITests */,
				6F020A5521B848FB00906E5D /* Products */,
			);
			sourceTree = "<group>";
		};
		6F020A5521B848FB00906E5D /* Products */ = {
			isa = PBXGroup;
			children = (
				6F020A5421B848FB00906E5D /* rssreader.app */,
				6F020A6B21B848FC00906E5D /* rssreaderTests.xctest */,
				6F020A7621B848FC00906E5D /* rssreaderUITests.xctest */,
			);
			name = Products;
			sourceTree = "<group>";
		};
		6F020A5621B848FB00906E5D /* rssreader */ = {
			isa = PBXGroup;
			children = (
				6F020A5721B848FB00906E5D /* AppDelegate.swift */,
				6F020A8821B8496C00906E5D /* MainController.swift */,
				6FA5DB0C21C2DFC500371292 /* FeedCheck.swift */,
				6F020A8A21B84DE900906E5D /* linkCell.swift */,
				6FA5DB0E21C370CD00371292 /* sourceCell.swift */,
				6F28D66F21B85CDB0053F5DE /* xmlParser.swift */,
				6FA5DACD21C2DA6900371292 /* Main.storyboard */,
				6FA5DB1021C37A6D00371292 /* LaunchScreen.storyboard */,
				6F020A6121B848FC00906E5D /* Assets.xcassets */,
				6F020A6621B848FC00906E5D /* Info.plist */,
				6F020A5E21B848FB00906E5D /* rssreader.xcdatamodeld */,
			);
			path = rssreader;
			sourceTree = "<group>";
		};
		6F020A6E21B848FC00906E5D /* rssreaderTests */ = {
			isa = PBXGroup;
			children = (
				6F020A6F21B848FC00906E5D /* rssreaderTests.swift */,
				6F020A7121B848FC00906E5D /* Info.plist */,
			);
			path = rssreaderTests;
			sourceTree = "<group>";
		};
		6F020A7921B848FC00906E5D /* rssreaderUITests */ = {
			isa = PBXGroup;
			children = (
				6F020A7A21B848FC00906E5D /* rssreaderUITests.swift */,
				6F020A7C21B848FC00906E5D /* Info.plist */,
			);
			path = rssreaderUITests;
			sourceTree = "<group>";
		};
/* End PBXGroup section */

/* Begin PBXNativeTarget section */
		6F020A5321B848FB00906E5D /* rssreader */ = {
			isa = PBXNativeTarget;
			buildConfigurationList = 6F020A7F21B848FC00906E5D /* Build configuration list for PBXNativeTarget "rssreader" */;
			buildPhases = (
				6F020A5021B848FB00906E5D /* Sources */,
				6F020A5121B848FB00906E5D /* Frameworks */,
				6F020A5221B848FB00906E5D /* Resources */,
			);
			buildRules = (
			);
			dependencies = (
			);
			name = rssreader;
			productName = rssreader;
			productReference = 6F020A5421B848FB00906E5D /* rssreader.app */;
			productType = "com.apple.product-type.application";
		};
		6F020A6A21B848FC00906E5D /* rssreaderTests */ = {
			isa = PBXNativeTarget;
			buildConfigurationList = 6F020A8221B848FC00906E5D /* Build configuration list for PBXNativeTarget "rssreaderTests" */;
			buildPhases = (
				6F020A6721B848FC00906E5D /* Sources */,
				6F020A6821B848FC00906E5D /* Frameworks */,
				6F020A6921B848FC00906E5D /* Resources */,
			);
			buildRules = (
			);
			dependencies = (
				6F020A6D21B848FC00906E5D /* PBXTargetDependency */,
			);
			name = rssreaderTests;
			productName = rssreaderTests;
			productReference = 6F020A6B21B848FC00906E5D /* rssreaderTests.xctest */;
			productType = "com.apple.product-type.bundle.unit-test";
		};
		6F020A7521B848FC00906E5D /* rssreaderUITests */ = {
			isa = PBXNativeTarget;
			buildConfigurationList = 6F020A8521B848FC00906E5D /* Build configuration list for PBXNativeTarget "rssreaderUITests" */;
			buildPhases = (
				6F020A7221B848FC00906E5D /* Sources */,
				6F020A7321B848FC00906E5D /* Frameworks */,
				6F020A7421B848FC00906E5D /* Resources */,
			);
			buildRules = (
			);
			dependencies = (
				6F020A7821B848FC00906E5D /* PBXTargetDependency */,
			);
			name = rssreaderUITests;
			productName = rssreaderUITests;
			productReference = 6F020A7621B848FC00906E5D /* rssreaderUITests.xctest */;
			productType = "com.apple.product-type.bundle.ui-testing";
		};
/* End PBXNativeTarget section */

/* Begin PBXProject section */
		6F020A4C21B848FB00906E5D /* Project object */ = {
			isa = PBXProject;
			attributes = {
				LastSwiftUpdateCheck = 1010;
				LastUpgradeCheck = 1010;
				ORGANIZATIONNAME = "Vedant Jain";
				TargetAttributes = {
					6F020A5321B848FB00906E5D = {
						CreatedOnToolsVersion = 10.1;
					};
					6F020A6A21B848FC00906E5D = {
						CreatedOnToolsVersion = 10.1;
						TestTargetID = 6F020A5321B848FB00906E5D;
					};
					6F020A7521B848FC00906E5D = {
						CreatedOnToolsVersion = 10.1;
						TestTargetID = 6F020A5321B848FB00906E5D;
					};
				};
			};
			buildConfigurationList = 6F020A4F21B848FB00906E5D /* Build configuration list for PBXProject "rssreader" */;
			compatibilityVersion = "Xcode 9.3";
			developmentRegion = en;
			hasScannedForEncodings = 0;
			knownRegions = (
				en,
				Base,
			);
			mainGroup = 6F020A4B21B848FB00906E5D;
			productRefGroup = 6F020A5521B848FB00906E5D /* Products */;
			projectDirPath = "";
			projectRoot = "";
			targets = (
				6F020A5321B848FB00906E5D /* rssreader */,
				6F020A6A21B848FC00906E5D /* rssreaderTests */,
				6F020A7521B848FC00906E5D /* rssreaderUITests */,
			);
		};
/* End PBXProject section */

/* Begin PBXResourcesBuildPhase section */
		6F020A5221B848FB00906E5D /* Resources */ = {
			isa = PBXResourcesBuildPhase;
			buildActionMask = 2147483647;
			files = (
				6FA5DB1121C37A6D00371292 /* LaunchScreen.storyboard in Resources */,
				6F020A6221B848FC00906E5D /* Assets.xcassets in Resources */,
				6FA5DACE21C2DA6900371292 /* Main.storyboard in Resources */,
			);
			runOnlyForDeploymentPostprocessing = 0;
		};
		6F020A6921B848FC00906E5D /* Resources */ = {
			isa = PBXResourcesBuildPhase;
			buildActionMask = 2147483647;
			files = (
			);
			runOnlyForDeploymentPostprocessing = 0;
		};
		6F020A7421B848FC00906E5D /* Resources */ = {
			isa = PBXResourcesBuildPhase;
			buildActionMask = 2147483647;
			files = (
			);
			runOnlyForDeploymentPostprocessing = 0;
		};
/* End PBXResourcesBuildPhase section */

/* Begin PBXSourcesBuildPhase section */
		6F020A5021B848FB00906E5D /* Sources */ = {
			isa = PBXSourcesBuildPhase;
			buildActionMask = 2147483647;
			files = (
				6FA5DB0F21C370CD00371292 /* sourceCell.swift in Sources */,
				6F020A5821B848FB00906E5D /* AppDelegate.swift in Sources */,
				6F020A8921B8496C00906E5D /* MainController.swift in Sources */,
				6FA5DB0D21C2DFC500371292 /* FeedCheck.swift in Sources */,
				6F020A6021B848FB00906E5D /* rssreader.xcdatamodeld in Sources */,
				6F020A8B21B84DE900906E5D /* linkCell.swift in Sources */,
				6F28D67021B85CDB0053F5DE /* xmlParser.swift in Sources */,
			);
			runOnlyForDeploymentPostprocessing = 0;
		};
		6F020A6721B848FC00906E5D /* Sources */ = {
			isa = PBXSourcesBuildPhase;
			buildActionMask = 2147483647;
			files = (
				6F020A7021B848FC00906E5D /* rssreaderTests.swift in Sources */,
			);
			runOnlyForDeploymentPostprocessing = 0;
		};
		6F020A7221B848FC00906E5D /* Sources */ = {
			isa = PBXSourcesBuildPhase;
			buildActionMask = 2147483647;
			files = (
				6F020A7B21B848FC00906E5D /* rssreaderUITests.swift in Sources */,
			);
			runOnlyForDeploymentPostprocessing = 0;
		};
/* End PBXSourcesBuildPhase section */

/* Begin PBXTargetDependency section */
		6F020A6D21B848FC00906E5D /* PBXTargetDependency */ = {
			isa = PBXTargetDependency;
			target = 6F020A5321B848FB00906E5D /* rssreader */;
			targetProxy = 6F020A6C21B848FC00906E5D /* PBXContainerItemProxy */;
		};
		6F020A7821B848FC00906E5D /* PBXTargetDependency */ = {
			isa = PBXTargetDependency;
			target = 6F020A5321B848FB00906E5D /* rssreader */;
			targetProxy = 6F020A7721B848FC00906E5D /* PBXContainerItemProxy */;
		};
/* End PBXTargetDependency section */

/* Begin XCBuildConfiguration section */
		6F020A7D21B848FC00906E5D /* Debug */ = {
			isa = XCBuildConfiguration;
			buildSettings = {
				ALWAYS_SEARCH_USER_PATHS = NO;
				CLANG_ANALYZER_NONNULL = YES;
				CLANG_ANALYZER_NUMBER_OBJECT_CONVERSION = YES_AGGRESSIVE;
				CLANG_CXX_LANGUAGE_STANDARD = "gnu++14";
				CLANG_CXX_LIBRARY = "libc++";
				CLANG_ENABLE_MODULES = YES;
				CLANG_ENABLE_OBJC_ARC = YES;
				CLANG_ENABLE_OBJC_WEAK = YES;
				CLANG_WARN_BLOCK_CAPTURE_AUTORELEASING = YES;
				CLANG_WARN_BOOL_CONVERSION = YES;
				CLANG_WARN_COMMA = YES;
				CLANG_WARN_CONSTANT_CONVERSION = YES;
				CLANG_WARN_DEPRECATED_OBJC_IMPLEMENTATIONS = YES;
				CLANG_WARN_DIRECT_OBJC_ISA_USAGE = YES_ERROR;
				CLANG_WARN_DOCUMENTATION_COMMENTS = YES;
				CLANG_WARN_EMPTY_BODY = YES;
				CLANG_WARN_ENUM_CONVERSION = YES;
				CLANG_WARN_INFINITE_RECURSION = YES;
				CLANG_WARN_INT_CONVERSION = YES;
				CLANG_WARN_NON_LITERAL_NULL_CONVERSION = YES;
				CLANG_WARN_OBJC_IMPLICIT_RETAIN_SELF = YES;
				CLANG_WARN_OBJC_LITERAL_CONVERSION = YES;
				CLANG_WARN_OBJC_ROOT_CLASS = YES_ERROR;
				CLANG_WARN_RANGE_LOOP_ANALYSIS = YES;
				CLANG_WARN_STRICT_PROTOTYPES = YES;
				CLANG_WARN_SUSPICIOUS_MOVE = YES;
				CLANG_WARN_UNGUARDED_AVAILABILITY = YES_AGGRESSIVE;
				CLANG_WARN_UNREACHABLE_CODE = YES;
				CLANG_WARN__DUPLICATE_METHOD_MATCH = YES;
				CODE_SIGN_IDENTITY = "iPhone Developer";
				COPY_PHASE_STRIP = NO;
				DEBUG_INFORMATION_FORMAT = dwarf;
				ENABLE_STRICT_OBJC_MSGSEND = YES;
				ENABLE_TESTABILITY = YES;
				GCC_C_LANGUAGE_STANDARD = gnu11;
				GCC_DYNAMIC_NO_PIC = NO;
				GCC_NO_COMMON_BLOCKS = YES;
				GCC_OPTIMIZATION_LEVEL = 0;
				GCC_PREPROCESSOR_DEFINITIONS = (
					"DEBUG=1",
					"$(inherited)",
				);
				GCC_WARN_64_TO_32_BIT_CONVERSION = YES;
				GCC_WARN_ABOUT_RETURN_TYPE = YES_ERROR;
				GCC_WARN_UNDECLARED_SELECTOR = YES;
				GCC_WARN_UNINITIALIZED_AUTOS = YES_AGGRESSIVE;
				GCC_WARN_UNUSED_FUNCTION = YES;
				GCC_WARN_UNUSED_VARIABLE = YES;
				IPHONEOS_DEPLOYMENT_TARGET = 12.1;
				MTL_ENABLE_DEBUG_INFO = INCLUDE_SOURCE;
				MTL_FAST_MATH = YES;
				ONLY_ACTIVE_ARCH = YES;
				SDKROOT = iphoneos;
				SWIFT_ACTIVE_COMPILATION_CONDITIONS = DEBUG;
				SWIFT_OPTIMIZATION_LEVEL = "-Onone";
			};
			name = Debug;
		};
		6F020A7E21B848FC00906E5D /* Release */ = {
			isa = XCBuildConfiguration;
			buildSettings = {
				ALWAYS_SEARCH_USER_PATHS = NO;
				CLANG_ANALYZER_NONNULL = YES;
				CLANG_ANALYZER_NUMBER_OBJECT_CONVERSION = YES_AGGRESSIVE;
				CLANG_CXX_LANGUAGE_STANDARD = "gnu++14";
				CLANG_CXX_LIBRARY = "libc++";
				CLANG_ENABLE_MODULES = YES;
				CLANG_ENABLE_OBJC_ARC = YES;
				CLANG_ENABLE_OBJC_WEAK = YES;
				CLANG_WARN_BLOCK_CAPTURE_AUTORELEASING = YES;
				CLANG_WARN_BOOL_CONVERSION = YES;
				CLANG_WARN_COMMA = YES;
				CLANG_WARN_CONSTANT_CONVERSION = YES;
				CLANG_WARN_DEPRECATED_OBJC_IMPLEMENTATIONS = YES;
				CLANG_WARN_DIRECT_OBJC_ISA_USAGE = YES_ERROR;
				CLANG_WARN_DOCUMENTATION_COMMENTS = YES;
				CLANG_WARN_EMPTY_BODY = YES;
				CLANG_WARN_ENUM_CONVERSION = YES;
				CLANG_WARN_INFINITE_RECURSION = YES;
				CLANG_WARN_INT_CONVERSION = YES;
				CLANG_WARN_NON_LITERAL_NULL_CONVERSION = YES;
				CLANG_WARN_OBJC_IMPLICIT_RETAIN_SELF = YES;
				CLANG_WARN_OBJC_LITERAL_CONVERSION = YES;
				CLANG_WARN_OBJC_ROOT_CLASS = YES_ERROR;
				CLANG_WARN_RANGE_LOOP_ANALYSIS = YES;
				CLANG_WARN_STRICT_PROTOTYPES = YES;
				CLANG_WARN_SUSPICIOUS_MOVE = YES;
				CLANG_WARN_UNGUARDED_AVAILABILITY = YES_AGGRESSIVE;
				CLANG_WARN_UNREACHABLE_CODE = YES;
				CLANG_WARN__DUPLICATE_METHOD_MATCH = YES;
				CODE_SIGN_IDENTITY = "iPhone Developer";
				COPY_PHASE_STRIP = NO;
				DEBUG_INFORMATION_FORMAT = "dwarf-with-dsym";
				ENABLE_NS_ASSERTIONS = NO;
				ENABLE_STRICT_OBJC_MSGSEND = YES;
				GCC_C_LANGUAGE_STANDARD = gnu11;
				GCC_NO_COMMON_BLOCKS = YES;
				GCC_WARN_64_TO_32_BIT_CONVERSION = YES;
				GCC_WARN_ABOUT_RETURN_TYPE = YES_ERROR;
				GCC_WARN_UNDECLARED_SELECTOR = YES;
				GCC_WARN_UNINITIALIZED_AUTOS = YES_AGGRESSIVE;
				GCC_WARN_UNUSED_FUNCTION = YES;
				GCC_WARN_UNUSED_VARIABLE = YES;
				IPHONEOS_DEPLOYMENT_TARGET = 12.1;
				MTL_ENABLE_DEBUG_INFO = NO;
				MTL_FAST_MATH = YES;
				SDKROOT = iphoneos;
				SWIFT_COMPILATION_MODE = wholemodule;
				SWIFT_OPTIMIZATION_LEVEL = "-O";
				VALIDATE_PRODUCT = YES;
			};
			name = Release;
		};
		6F020A8021B848FC00906E5D /* Debug */ = {
			isa = XCBuildConfiguration;
			buildSettings = {
				ASSETCATALOG_COMPILER_APPICON_NAME = AppIcon;
				CODE_SIGN_STYLE = Automatic;
				DEVELOPMENT_TEAM = J3X688B272;
				INFOPLIST_FILE = rssreader/Info.plist;
				IPHONEOS_DEPLOYMENT_TARGET = 12.0;
				LD_RUNPATH_SEARCH_PATHS = (
					"$(inherited)",
					"@executable_path/Frameworks",
				);
				PRODUCT_BUNDLE_IDENTIFIER = com.vedantjain.rssreader;
				PRODUCT_NAME = "$(TARGET_NAME)";
				SWIFT_VERSION = 4.2;
				TARGETED_DEVICE_FAMILY = "1,2";
			};
			name = Debug;
		};
		6F020A8121B848FC00906E5D /* Release */ = {
			isa = XCBuildConfiguration;
			buildSettings = {
				ASSETCATALOG_COMPILER_APPICON_NAME = AppIcon;
				CODE_SIGN_STYLE = Automatic;
				DEVELOPMENT_TEAM = J3X688B272;
				INFOPLIST_FILE = rssreader/Info.plist;
				IPHONEOS_DEPLOYMENT_TARGET = 12.0;
				LD_RUNPATH_SEARCH_PATHS = (
					"$(inherited)",
					"@executable_path/Frameworks",
				);
				PRODUCT_BUNDLE_IDENTIFIER = com.vedantjain.rssreader;
				PRODUCT_NAME = "$(TARGET_NAME)";
				SWIFT_VERSION = 4.2;
				TARGETED_DEVICE_FAMILY = "1,2";
			};
			name = Release;
		};
		6F020A8321B848FC00906E5D /* Debug */ = {
			isa = XCBuildConfiguration;
			buildSettings = {
				ALWAYS_EMBED_SWIFT_STANDARD_LIBRARIES = YES;
				BUNDLE_LOADER = "$(TEST_HOST)";
				CODE_SIGN_STYLE = Automatic;
				DEVELOPMENT_TEAM = J3X688B272;
				INFOPLIST_FILE = rssreaderTests/Info.plist;
				LD_RUNPATH_SEARCH_PATHS = (
					"$(inherited)",
					"@executable_path/Frameworks",
					"@loader_path/Frameworks",
				);
				PRODUCT_BUNDLE_IDENTIFIER = com.vedantjain.rssreaderTests;
				PRODUCT_NAME = "$(TARGET_NAME)";
				SWIFT_VERSION = 4.2;
				TARGETED_DEVICE_FAMILY = "1,2";
				TEST_HOST = "$(BUILT_PRODUCTS_DIR)/rssreader.app/rssreader";
			};
			name = Debug;
		};
		6F020A8421B848FC00906E5D /* Release */ = {
			isa = XCBuildConfiguration;
			buildSettings = {
				ALWAYS_EMBED_SWIFT_STANDARD_LIBRARIES = YES;
				BUNDLE_LOADER = "$(TEST_HOST)";
				CODE_SIGN_STYLE = Automatic;
				DEVELOPMENT_TEAM = J3X688B272;
				INFOPLIST_FILE = rssreaderTests/Info.plist;
				LD_RUNPATH_SEARCH_PATHS = (
					"$(inherited)",
					"@executable_path/Frameworks",
					"@loader_path/Frameworks",
				);
				PRODUCT_BUNDLE_IDENTIFIER = com.vedantjain.rssreaderTests;
				PRODUCT_NAME = "$(TARGET_NAME)";
				SWIFT_VERSION = 4.2;
				TARGETED_DEVICE_FAMILY = "1,2";
				TEST_HOST = "$(BUILT_PRODUCTS_DIR)/rssreader.app/rssreader";
			};
			name = Release;
		};
		6F020A8621B848FC00906E5D /* Debug */ = {
			isa = XCBuildConfiguration;
			buildSettings = {
				ALWAYS_EMBED_SWIFT_STANDARD_LIBRARIES = YES;
				CODE_SIGN_STYLE = Automatic;
				DEVELOPMENT_TEAM = J3X688B272;
				INFOPLIST_FILE = rssreaderUITests/Info.plist;
				LD_RUNPATH_SEARCH_PATHS = (
					"$(inherited)",
					"@executable_path/Frameworks",
					"@loader_path/Frameworks",
				);
				PRODUCT_BUNDLE_IDENTIFIER = com.vedantjain.rssreaderUITests;
				PRODUCT_NAME = "$(TARGET_NAME)";
				SWIFT_VERSION = 4.2;
				TARGETED_DEVICE_FAMILY = "1,2";
				TEST_TARGET_NAME = rssreader;
			};
			name = Debug;
		};
		6F020A8721B848FC00906E5D /* Release */ = {
			isa = XCBuildConfiguration;
			buildSettings = {
				ALWAYS_EMBED_SWIFT_STANDARD_LIBRARIES = YES;
				CODE_SIGN_STYLE = Automatic;
				DEVELOPMENT_TEAM = J3X688B272;
				INFOPLIST_FILE = rssreaderUITests/Info.plist;
				LD_RUNPATH_SEARCH_PATHS = (
					"$(inherited)",
					"@executable_path/Frameworks",
					"@loader_path/Frameworks",
				);
				PRODUCT_BUNDLE_IDENTIFIER = com.vedantjain.rssreaderUITests;
				PRODUCT_NAME = "$(TARGET_NAME)";
				SWIFT_VERSION = 4.2;
				TARGETED_DEVICE_FAMILY = "1,2";
				TEST_TARGET_NAME = rssreader;
			};
			name = Release;
		};
/* End XCBuildConfiguration section */

/* Begin XCConfigurationList section */
		6F020A4F21B848FB00906E5D /* Build configuration list for PBXProject "rssreader" */ = {
			isa = XCConfigurationList;
			buildConfigurations = (
				6F020A7D21B848FC00906E5D /* Debug */,
				6F020A7E21B848FC00906E5D /* Release */,
			);
			defaultConfigurationIsVisible = 0;
			defaultConfigurationName = Release;
		};
		6F020A7F21B848FC00906E5D /* Build configuration list for PBXNativeTarget "rssreader" */ = {
			isa = XCConfigurationList;
			buildConfigurations = (
				6F020A8021B848FC00906E5D /* Debug */,
				6F020A8121B848FC00906E5D /* Release */,
			);
			defaultConfigurationIsVisible = 0;
			defaultConfigurationName = Release;
		};
		6F020A8221B848FC00906E5D /* Build configuration list for PBXNativeTarget "rssreaderTests" */ = {
			isa = XCConfigurationList;
			buildConfigurations = (
				6F020A8321B848FC00906E5D /* Debug */,
				6F020A8421B848FC00906E5D /* Release */,
			);
			defaultConfigurationIsVisible = 0;
			defaultConfigurationName = Release;
		};
		6F020A8521B848FC00906E5D /* Build configuration list for PBXNativeTarget "rssreaderUITests" */ = {
			isa = XCConfigurationList;
			buildConfigurations = (
				6F020A8621B848FC00906E5D /* Debug */,
				6F020A8721B848FC00906E5D /* Release */,
			);
			defaultConfigurationIsVisible = 0;
			defaultConfigurationName = Release;
		};
/* End XCConfigurationList section */

/* Begin XCVersionGroup section */
		6F020A5E21B848FB00906E5D /* rssreader.xcdatamodeld */ = {
			isa = XCVersionGroup;
			children = (
				6F020A5F21B848FB00906E5D /* rssreader.xcdatamodel */,
			);
			currentVersion = 6F020A5F21B848FB00906E5D /* rssreader.xcdatamodel */;
			path = rssreader.xcdatamodeld;
			sourceTree = "<group>";
			versionGroupType = wrapper.xcdatamodel;
		};
/* End XCVersionGroup section */
	};
	rootObject = 6F020A4C21B848FB00906E5D /* Project object */;
}
